
Microsoft Visual Studio Solution File, Format Version 12.00
# Visual Studio Version 17
VisualStudioVersion = 17.4.33205.214
MinimumVisualStudioVersion = 10.0.40219.1
Project("{9A19103F-16F7-4668-BE54-9A1E7A4F7556}") = "01. Action Print", "Functional Programming - Exercise\01. Action Print.csproj", "{66F1AADB-4834-43B1-85D7-D02FAB43AC98}"
EndProject
Project("{9A19103F-16F7-4668-BE54-9A1E7A4F7556}") = "02. Knights of Honor", "02. Knights of Honor\02. Knights of Honor.csproj", "{9D971FC0-4EC3-4ED2-8CA7-B37F721B85D3}"
EndProject
Project("{9A19103F-16F7-4668-BE54-9A1E7A4F7556}") = "03. Custom Min Function", "03. Custom Min Function\03. Custom Min Function.csproj", "{BC6348F2-6C19-48D5-88D6-F35253ED7997}"
EndProject
Project("{9A19103F-16F7-4668-BE54-9A1E7A4F7556}") = "04. Find Evens or Odds", "04. Find Evens or Odds\04. Find Evens or Odds.csproj", "{6FD177BA-3FB4-4A20-A6D8-5598807388E9}"
EndProject
Project("{9A19103F-16F7-4668-BE54-9A1E7A4F7556}") = "05. Applied Arithmetics", "05. Applied Arithmetics\05. Applied Arithmetics.csproj", "{B2C03CFC-0C61-4F59-B2F2-9CD48172DB3F}"
EndProject
Project("{9A19103F-16F7-4668-BE54-9A1E7A4F7556}") = "06. Reverse And Exclude", "06. Reverse And Exclude\06. Reverse And Exclude.csproj", "{34DB4903-FB2B-4348-BD5C-C6915EF41D2E}"
EndProject
Project("{9A19103F-16F7-4668-BE54-9A1E7A4F7556}") = "07. Predicate For Names", "07. Predicate For Names\07. Predicate For Names.csproj", "{523483C6-24C3-4984-88B7-6A3A715FC427}"
EndProject
Project("{9A19103F-16F7-4668-BE54-9A1E7A4F7556}") = "08. List Of Predicates", "08. List Of Predicates\08. List Of Predicates.csproj", "{28CD63FF-D5FB-4BD1-8F46-1599083E304F}"
EndProject
Project("{FAE04EC0-301F-11D3-BF4B-00C04F79EFBC}") = "09. Predicate Party!", "09. Predicate Party!\09. Predicate Party!.csproj", "{FFAFBC72-3609-4165-8FC2-CD55FEDD69C7}"
EndProject
Project("{FAE04EC0-301F-11D3-BF4B-00C04F79EFBC}") = "11. TriFunction", "11. TriFunction\11. TriFunction.csproj", "{957ADE1F-3159-49B9-BF0D-A9983B30E102}"
EndProject
Global
	GlobalSection(SolutionConfigurationPlatforms) = preSolution
		Debug|Any CPU = Debug|Any CPU
		Release|Any CPU = Release|Any CPU
	EndGlobalSection
	GlobalSection(ProjectConfigurationPlatforms) = postSolution
		{66F1AADB-4834-43B1-85D7-D02FAB43AC98}.Debug|Any CPU.ActiveCfg = Debug|Any CPU
		{66F1AADB-4834-43B1-85D7-D02FAB43AC98}.Debug|Any CPU.Build.0 = Debug|Any CPU
		{66F1AADB-4834-43B1-85D7-D02FAB43AC98}.Release|Any CPU.ActiveCfg = Release|Any CPU
		{66F1AADB-4834-43B1-85D7-D02FAB43AC98}.Release|Any CPU.Build.0 = Release|Any CPU
		{9D971FC0-4EC3-4ED2-8CA7-B37F721B85D3}.Debug|Any CPU.ActiveCfg = Debug|Any CPU
		{9D971FC0-4EC3-4ED2-8CA7-B37F721B85D3}.Debug|Any CPU.Build.0 = Debug|Any CPU
		{9D971FC0-4EC3-4ED2-8CA7-B37F721B85D3}.Release|Any CPU.ActiveCfg = Release|Any CPU
		{9D971FC0-4EC3-4ED2-8CA7-B37F721B85D3}.Release|Any CPU.Build.0 = Release|Any CPU
		{BC6348F2-6C19-48D5-88D6-F35253ED7997}.Debug|Any CPU.ActiveCfg = Debug|Any CPU
		{BC6348F2-6C19-48D5-88D6-F35253ED7997}.Debug|Any CPU.Build.0 = Debug|Any CPU
		{BC6348F2-6C19-48D5-88D6-F35253ED7997}.Release|Any CPU.ActiveCfg = Release|Any CPU
		{BC6348F2-6C19-48D5-88D6-F35253ED7997}.Release|Any CPU.Build.0 = Release|Any CPU
		{6FD177BA-3FB4-4A20-A6D8-5598807388E9}.Debug|Any CPU.ActiveCfg = Debug|Any CPU
		{6FD177BA-3FB4-4A20-A6D8-5598807388E9}.Debug|Any CPU.Build.0 = Debug|Any CPU
		{6FD177BA-3FB4-4A20-A6D8-5598807388E9}.Release|Any CPU.ActiveCfg = Release|Any CPU
		{6FD177BA-3FB4-4A20-A6D8-5598807388E9}.Release|Any CPU.Build.0 = Release|Any CPU
		{B2C03CFC-0C61-4F59-B2F2-9CD48172DB3F}.Debug|Any CPU.ActiveCfg = Debug|Any CPU
		{B2C03CFC-0C61-4F59-B2F2-9CD48172DB3F}.Debug|Any CPU.Build.0 = Debug|Any CPU
		{B2C03CFC-0C61-4F59-B2F2-9CD48172DB3F}.Release|Any CPU.ActiveCfg = Release|Any CPU
		{B2C03CFC-0C61-4F59-B2F2-9CD48172DB3F}.Release|Any CPU.Build.0 = Release|Any CPU
		{34DB4903-FB2B-4348-BD5C-C6915EF41D2E}.Debug|Any CPU.ActiveCfg = Debug|Any CPU
		{34DB4903-FB2B-4348-BD5C-C6915EF41D2E}.Debug|Any CPU.Build.0 = Debug|Any CPU
		{34DB4903-FB2B-4348-BD5C-C6915EF41D2E}.Release|Any CPU.ActiveCfg = Release|Any CPU
		{34DB4903-FB2B-4348-BD5C-C6915EF41D2E}.Release|Any CPU.Build.0 = Release|Any CPU
		{523483C6-24C3-4984-88B7-6A3A715FC427}.Debug|Any CPU.ActiveCfg = Debug|Any CPU
		{523483C6-24C3-4984-88B7-6A3A715FC427}.Debug|Any CPU.Build.0 = Debug|Any CPU
		{523483C6-24C3-4984-88B7-6A3A715FC427}.Release|Any CPU.ActiveCfg = Release|Any CPU
		{523483C6-24C3-4984-88B7-6A3A715FC427}.Release|Any CPU.Build.0 = Release|Any CPU
		{28CD63FF-D5FB-4BD1-8F46-1599083E304F}.Debug|Any CPU.ActiveCfg = Debug|Any CPU
		{28CD63FF-D5FB-4BD1-8F46-1599083E304F}.Debug|Any CPU.Build.0 = Debug|Any CPU
		{28CD63FF-D5FB-4BD1-8F46-1599083E304F}.Release|Any CPU.ActiveCfg = Release|Any CPU
		{28CD63FF-D5FB-4BD1-8F46-1599083E304F}.Release|Any CPU.Build.0 = Release|Any CPU
		{FFAFBC72-3609-4165-8FC2-CD55FEDD69C7}.Debug|Any CPU.ActiveCfg = Debug|Any CPU
		{FFAFBC72-3609-4165-8FC2-CD55FEDD69C7}.Debug|Any CPU.Build.0 = Debug|Any CPU
		{FFAFBC72-3609-4165-8FC2-CD55FEDD69C7}.Release|Any CPU.ActiveCfg = Release|Any CPU
		{FFAFBC72-3609-4165-8FC2-CD55FEDD69C7}.Release|Any CPU.Build.0 = Release|Any CPU
		{957ADE1F-3159-49B9-BF0D-A9983B30E102}.Debug|Any CPU.ActiveCfg = Debug|Any CPU
		{957ADE1F-3159-49B9-BF0D-A9983B30E102}.Debug|Any CPU.Build.0 = Debug|Any CPU
		{957ADE1F-3159-49B9-BF0D-A9983B30E102}.Release|Any CPU.ActiveCfg = Release|Any CPU
		{957ADE1F-3159-49B9-BF0D-A9983B30E102}.Release|Any CPU.Build.0 = Release|Any CPU
	EndGlobalSection
	GlobalSection(SolutionProperties) = preSolution
		HideSolutionNode = FALSE
	EndGlobalSection
	GlobalSection(ExtensibilityGlobals) = postSolution
		SolutionGuid = {693466D0-333A-49A9-8C92-73FA89624827}
	EndGlobalSection
EndGlobal
